
Microsoft Visual Studio Solution File, Format Version 12.00
# Visual Studio 15
VisualStudioVersion = 15.0.28010.2016
MinimumVisualStudioVersion = 10.0.40219.1
Project("{FAE04EC0-301F-11D3-BF4B-00C04F79EFBC}") = "Filters.Forms.Android", "Filters.Forms\Filters.Forms.Android\Filters.Forms.Android.csproj", "{351605F9-FC43-4072-A95B-3AEC67D4C461}"
EndProject
Project("{FAE04EC0-301F-11D3-BF4B-00C04F79EFBC}") = "Filters.Forms.iOS", "Filters.Forms\Filters.Forms.iOS\Filters.Forms.iOS.csproj", "{CD31919A-6771-404E-A94D-E8EAE6BC6202}"
EndProject
Project("{FAE04EC0-301F-11D3-BF4B-00C04F79EFBC}") = "Filters.Forms", "Filters.Forms\Filters.Forms\Filters.Forms.csproj", "{F51ED014-E533-4AC7-896F-5D662E8B70F8}"
EndProject
Global
	GlobalSection(SolutionConfigurationPlatforms) = preSolution
		Ad-Hoc|Any CPU = Ad-Hoc|Any CPU
		Ad-Hoc|iPhone = Ad-Hoc|iPhone
		Ad-Hoc|iPhoneSimulator = Ad-Hoc|iPhoneSimulator
		AppStore|Any CPU = AppStore|Any CPU
		AppStore|iPhone = AppStore|iPhone
		AppStore|iPhoneSimulator = AppStore|iPhoneSimulator
		Debug|Any CPU = Debug|Any CPU
		Debug|iPhone = Debug|iPhone
		Debug|iPhoneSimulator = Debug|iPhoneSimulator
		Release|Any CPU = Release|Any CPU
		Release|iPhone = Release|iPhone
		Release|iPhoneSimulator = Release|iPhoneSimulator
	EndGlobalSection
	GlobalSection(ProjectConfigurationPlatforms) = postSolution
		{351605F9-FC43-4072-A95B-3AEC67D4C461}.Ad-Hoc|Any CPU.ActiveCfg = Release|Any CPU
		{351605F9-FC43-4072-A95B-3AEC67D4C461}.Ad-Hoc|Any CPU.Build.0 = Release|Any CPU
		{351605F9-FC43-4072-A95B-3AEC67D4C461}.Ad-Hoc|Any CPU.Deploy.0 = Release|Any CPU
		{351605F9-FC43-4072-A95B-3AEC67D4C461}.Ad-Hoc|iPhone.ActiveCfg = Release|Any CPU
		{351605F9-FC43-4072-A95B-3AEC67D4C461}.Ad-Hoc|iPhone.Build.0 = Release|Any CPU
		{351605F9-FC43-4072-A95B-3AEC67D4C461}.Ad-Hoc|iPhone.Deploy.0 = Release|Any CPU
		{351605F9-FC43-4072-A95B-3AEC67D4C461}.Ad-Hoc|iPhoneSimulator.ActiveCfg = Release|Any CPU
		{351605F9-FC43-4072-A95B-3AEC67D4C461}.Ad-Hoc|iPhoneSimulator.Build.0 = Release|Any CPU
		{351605F9-FC43-4072-A95B-3AEC67D4C461}.Ad-Hoc|iPhoneSimulator.Deploy.0 = Release|Any CPU
		{351605F9-FC43-4072-A95B-3AEC67D4C461}.AppStore|Any CPU.ActiveCfg = Release|Any CPU
		{351605F9-FC43-4072-A95B-3AEC67D4C461}.AppStore|Any CPU.Build.0 = Release|Any CPU
		{351605F9-FC43-4072-A95B-3AEC67D4C461}.AppStore|Any CPU.Deploy.0 = Release|Any CPU
		{351605F9-FC43-4072-A95B-3AEC67D4C461}.AppStore|iPhone.ActiveCfg = Release|Any CPU
		{351605F9-FC43-4072-A95B-3AEC67D4C461}.AppStore|iPhone.Build.0 = Release|Any CPU
		{351605F9-FC43-4072-A95B-3AEC67D4C461}.AppStore|iPhone.Deploy.0 = Release|Any CPU
		{351605F9-FC43-4072-A95B-3AEC67D4C461}.AppStore|iPhoneSimulator.ActiveCfg = Release|Any CPU
		{351605F9-FC43-4072-A95B-3AEC67D4C461}.AppStore|iPhoneSimulator.Build.0 = Release|Any CPU
		{351605F9-FC43-4072-A95B-3AEC67D4C461}.AppStore|iPhoneSimulator.Deploy.0 = Release|Any CPU
		{351605F9-FC43-4072-A95B-3AEC67D4C461}.Debug|Any CPU.ActiveCfg = Debug|Any CPU
		{351605F9-FC43-4072-A95B-3AEC67D4C461}.Debug|Any CPU.Build.0 = Debug|Any CPU
		{351605F9-FC43-4072-A95B-3AEC67D4C461}.Debug|Any CPU.Deploy.0 = Debug|Any CPU
		{351605F9-FC43-4072-A95B-3AEC67D4C461}.Debug|iPhone.ActiveCfg = Debug|Any CPU
		{351605F9-FC43-4072-A95B-3AEC67D4C461}.Debug|iPhone.Build.0 = Debug|Any CPU
		{351605F9-FC43-4072-A95B-3AEC67D4C461}.Debug|iPhone.Deploy.0 = Debug|Any CPU
		{351605F9-FC43-4072-A95B-3AEC67D4C461}.Debug|iPhoneSimulator.ActiveCfg = Debug|Any CPU
		{351605F9-FC43-4072-A95B-3AEC67D4C461}.Debug|iPhoneSimulator.Build.0 = Debug|Any CPU
		{351605F9-FC43-4072-A95B-3AEC67D4C461}.Debug|iPhoneSimulator.Deploy.0 = Debug|Any CPU
		{351605F9-FC43-4072-A95B-3AEC67D4C461}.Release|Any CPU.ActiveCfg = Release|Any CPU
		{351605F9-FC43-4072-A95B-3AEC67D4C461}.Release|Any CPU.Build.0 = Release|Any CPU
		{351605F9-FC43-4072-A95B-3AEC67D4C461}.Release|Any CPU.Deploy.0 = Release|Any CPU
		{351605F9-FC43-4072-A95B-3AEC67D4C461}.Release|iPhone.ActiveCfg = Release|Any CPU
		{351605F9-FC43-4072-A95B-3AEC67D4C461}.Release|iPhone.Build.0 = Release|Any CPU
		{351605F9-FC43-4072-A95B-3AEC67D4C461}.Release|iPhone.Deploy.0 = Release|Any CPU
		{351605F9-FC43-4072-A95B-3AEC67D4C461}.Release|iPhoneSimulator.ActiveCfg = Release|Any CPU
		{351605F9-FC43-4072-A95B-3AEC67D4C461}.Release|iPhoneSimulator.Build.0 = Release|Any CPU
		{351605F9-FC43-4072-A95B-3AEC67D4C461}.Release|iPhoneSimulator.Deploy.0 = Release|Any CPU
		{CD31919A-6771-404E-A94D-E8EAE6BC6202}.Ad-Hoc|Any CPU.ActiveCfg = Ad-Hoc|iPhone
		{CD31919A-6771-404E-A94D-E8EAE6BC6202}.Ad-Hoc|Any CPU.Build.0 = Ad-Hoc|iPhone
		{CD31919A-6771-404E-A94D-E8EAE6BC6202}.Ad-Hoc|Any CPU.Deploy.0 = Ad-Hoc|iPhone
		{CD31919A-6771-404E-A94D-E8EAE6BC6202}.Ad-Hoc|iPhone.ActiveCfg = Ad-Hoc|iPhone
		{CD31919A-6771-404E-A94D-E8EAE6BC6202}.Ad-Hoc|iPhone.Build.0 = Ad-Hoc|iPhone
		{CD31919A-6771-404E-A94D-E8EAE6BC6202}.Ad-Hoc|iPhone.Deploy.0 = Ad-Hoc|iPhone
		{CD31919A-6771-404E-A94D-E8EAE6BC6202}.Ad-Hoc|iPhoneSimulator.ActiveCfg = Ad-Hoc|iPhoneSimulator
		{CD31919A-6771-404E-A94D-E8EAE6BC6202}.Ad-Hoc|iPhoneSimulator.Build.0 = Ad-Hoc|iPhoneSimulator
		{CD31919A-6771-404E-A94D-E8EAE6BC6202}.Ad-Hoc|iPhoneSimulator.Deploy.0 = Ad-Hoc|iPhoneSimulator
		{CD31919A-6771-404E-A94D-E8EAE6BC6202}.AppStore|Any CPU.ActiveCfg = AppStore|iPhone
		{CD31919A-6771-404E-A94D-E8EAE6BC6202}.AppStore|Any CPU.Build.0 = AppStore|iPhone
		{CD31919A-6771-404E-A94D-E8EAE6BC6202}.AppStore|Any CPU.Deploy.0 = AppStore|iPhone
		{CD31919A-6771-404E-A94D-E8EAE6BC6202}.AppStore|iPhone.ActiveCfg = AppStore|iPhone
		{CD31919A-6771-404E-A94D-E8EAE6BC6202}.AppStore|iPhone.Build.0 = AppStore|iPhone
		{CD31919A-6771-404E-A94D-E8EAE6BC6202}.AppStore|iPhone.Deploy.0 = AppStore|iPhone
		{CD31919A-6771-404E-A94D-E8EAE6BC6202}.AppStore|iPhoneSimulator.ActiveCfg = AppStore|iPhoneSimulator
		{CD31919A-6771-404E-A94D-E8EAE6BC6202}.AppStore|iPhoneSimulator.Build.0 = AppStore|iPhoneSimulator
		{CD31919A-6771-404E-A94D-E8EAE6BC6202}.AppStore|iPhoneSimulator.Deploy.0 = AppStore|iPhoneSimulator
		{CD31919A-6771-404E-A94D-E8EAE6BC6202}.Debug|Any CPU.ActiveCfg = Debug|iPhoneSimulator
		{CD31919A-6771-404E-A94D-E8EAE6BC6202}.Debug|Any CPU.Build.0 = Debug|iPhoneSimulator
		{CD31919A-6771-404E-A94D-E8EAE6BC6202}.Debug|Any CPU.Deploy.0 = Debug|iPhoneSimulator
		{CD31919A-6771-404E-A94D-E8EAE6BC6202}.Debug|iPhone.ActiveCfg = Debug|iPhone
		{CD31919A-6771-404E-A94D-E8EAE6BC6202}.Debug|iPhone.Build.0 = Debug|iPhone
		{CD31919A-6771-404E-A94D-E8EAE6BC6202}.Debug|iPhone.Deploy.0 = Debug|iPhone
		{CD31919A-6771-404E-A94D-E8EAE6BC6202}.Debug|iPhoneSimulator.ActiveCfg = Debug|iPhoneSimulator
		{CD31919A-6771-404E-A94D-E8EAE6BC6202}.Debug|iPhoneSimulator.Build.0 = Debug|iPhoneSimulator
		{CD31919A-6771-404E-A94D-E8EAE6BC6202}.Debug|iPhoneSimulator.Deploy.0 = Debug|iPhoneSimulator
		{CD31919A-6771-404E-A94D-E8EAE6BC6202}.Release|Any CPU.ActiveCfg = Release|iPhone
		{CD31919A-6771-404E-A94D-E8EAE6BC6202}.Release|Any CPU.Build.0 = Release|iPhone
		{CD31919A-6771-404E-A94D-E8EAE6BC6202}.Release|Any CPU.Deploy.0 = Release|iPhone
		{CD31919A-6771-404E-A94D-E8EAE6BC6202}.Release|iPhone.ActiveCfg = Release|iPhone
		{CD31919A-6771-404E-A94D-E8EAE6BC6202}.Release|iPhone.Build.0 = Release|iPhone
		{CD31919A-6771-404E-A94D-E8EAE6BC6202}.Release|iPhone.Deploy.0 = Release|iPhone
		{CD31919A-6771-404E-A94D-E8EAE6BC6202}.Release|iPhoneSimulator.ActiveCfg = Release|iPhoneSimulator
		{CD31919A-6771-404E-A94D-E8EAE6BC6202}.Release|iPhoneSimulator.Build.0 = Release|iPhoneSimulator
		{CD31919A-6771-404E-A94D-E8EAE6BC6202}.Release|iPhoneSimulator.Deploy.0 = Release|iPhoneSimulator
		{F51ED014-E533-4AC7-896F-5D662E8B70F8}.Ad-Hoc|Any CPU.ActiveCfg = Debug|Any CPU
		{F51ED014-E533-4AC7-896F-5D662E8B70F8}.Ad-Hoc|Any CPU.Build.0 = Debug|Any CPU
		{F51ED014-E533-4AC7-896F-5D662E8B70F8}.Ad-Hoc|Any CPU.Deploy.0 = Debug|Any CPU
		{F51ED014-E533-4AC7-896F-5D662E8B70F8}.Ad-Hoc|iPhone.ActiveCfg = Debug|Any CPU
		{F51ED014-E533-4AC7-896F-5D662E8B70F8}.Ad-Hoc|iPhone.Build.0 = Debug|Any CPU
		{F51ED014-E533-4AC7-896F-5D662E8B70F8}.Ad-Hoc|iPhone.Deploy.0 = Debug|Any CPU
		{F51ED014-E533-4AC7-896F-5D662E8B70F8}.Ad-Hoc|iPhoneSimulator.ActiveCfg = Debug|Any CPU
		{F51ED014-E533-4AC7-896F-5D662E8B70F8}.Ad-Hoc|iPhoneSimulator.Build.0 = Debug|Any CPU
		{F51ED014-E533-4AC7-896F-5D662E8B70F8}.Ad-Hoc|iPhoneSimulator.Deploy.0 = Debug|Any CPU
		{F51ED014-E533-4AC7-896F-5D662E8B70F8}.AppStore|Any CPU.ActiveCfg = Debug|Any CPU
		{F51ED014-E533-4AC7-896F-5D662E8B70F8}.AppStore|Any CPU.Build.0 = Debug|Any CPU
		{F51ED014-E533-4AC7-896F-5D662E8B70F8}.AppStore|Any CPU.Deploy.0 = Debug|Any CPU
		{F51ED014-E533-4AC7-896F-5D662E8B70F8}.AppStore|iPhone.ActiveCfg = Debug|Any CPU
		{F51ED014-E533-4AC7-896F-5D662E8B70F8}.AppStore|iPhone.Build.0 = Debug|Any CPU
		{F51ED014-E533-4AC7-896F-5D662E8B70F8}.AppStore|iPhone.Deploy.0 = Debug|Any CPU
		{F51ED014-E533-4AC7-896F-5D662E8B70F8}.AppStore|iPhoneSimulator.ActiveCfg = Debug|Any CPU
		{F51ED014-E533-4AC7-896F-5D662E8B70F8}.AppStore|iPhoneSimulator.Build.0 = Debug|Any CPU
		{F51ED014-E533-4AC7-896F-5D662E8B70F8}.AppStore|iPhoneSimulator.Deploy.0 = Debug|Any CPU
		{F51ED014-E533-4AC7-896F-5D662E8B70F8}.Debug|Any CPU.ActiveCfg = Debug|Any CPU
		{F51ED014-E533-4AC7-896F-5D662E8B70F8}.Debug|Any CPU.Build.0 = Debug|Any CPU
		{F51ED014-E533-4AC7-896F-5D662E8B70F8}.Debug|Any CPU.Deploy.0 = Debug|Any CPU
		{F51ED014-E533-4AC7-896F-5D662E8B70F8}.Debug|iPhone.ActiveCfg = Debug|Any CPU
		{F51ED014-E533-4AC7-896F-5D662E8B70F8}.Debug|iPhone.Build.0 = Debug|Any CPU
		{F51ED014-E533-4AC7-896F-5D662E8B70F8}.Debug|iPhone.Deploy.0 = Debug|Any CPU
		{F51ED014-E533-4AC7-896F-5D662E8B70F8}.Debug|iPhoneSimulator.ActiveCfg = Debug|Any CPU
		{F51ED014-E533-4AC7-896F-5D662E8B70F8}.Debug|iPhoneSimulator.Build.0 = Debug|Any CPU
		{F51ED014-E533-4AC7-896F-5D662E8B70F8}.Debug|iPhoneSimulator.Deploy.0 = Debug|Any CPU
		{F51ED014-E533-4AC7-896F-5D662E8B70F8}.Release|Any CPU.ActiveCfg = Release|Any CPU
		{F51ED014-E533-4AC7-896F-5D662E8B70F8}.Release|Any CPU.Build.0 = Release|Any CPU
		{F51ED014-E533-4AC7-896F-5D662E8B70F8}.Release|Any CPU.Deploy.0 = Release|Any CPU
		{F51ED014-E533-4AC7-896F-5D662E8B70F8}.Release|iPhone.ActiveCfg = Release|Any CPU
		{F51ED014-E533-4AC7-896F-5D662E8B70F8}.Release|iPhone.Build.0 = Release|Any CPU
		{F51ED014-E533-4AC7-896F-5D662E8B70F8}.Release|iPhone.Deploy.0 = Release|Any CPU
		{F51ED014-E533-4AC7-896F-5D662E8B70F8}.Release|iPhoneSimulator.ActiveCfg = Release|Any CPU
		{F51ED014-E533-4AC7-896F-5D662E8B70F8}.Release|iPhoneSimulator.Build.0 = Release|Any CPU
		{F51ED014-E533-4AC7-896F-5D662E8B70F8}.Release|iPhoneSimulator.Deploy.0 = Release|Any CPU
	EndGlobalSection
	GlobalSection(SolutionProperties) = preSolution
		HideSolutionNode = FALSE
	EndGlobalSection
	GlobalSection(ExtensibilityGlobals) = postSolution
		SolutionGuid = {81A65A98-D317-4C1F-94A0-C820445A867E}
	EndGlobalSection
EndGlobal
